<?xml version="1.0" encoding="utf-8"?>
<Project ToolsVersion="4.0" xmlns="http://schemas.microsoft.com/developer/msbuild/2003">
  <ItemGroup>
    <ClCompile Include="Bullet.cpp">
      <Filter>소스파일</Filter>
    </ClCompile>
    <ClCompile Include="Main.cpp">
      <Filter>소스파일</Filter>
    </ClCompile>
    <ClCompile Include="Game.cpp">
      <Filter>소스파일</Filter>
    </ClCompile>
    <ClCompile Include="Pistol.cpp">
      <Filter>소스파일</Filter>
    </ClCompile>
    <ClCompile Include="Sound.cpp">
      <Filter>소스파일</Filter>
    </ClCompile>
    <ClCompile Include="SummonItem.cpp">
      <Filter>소스파일</Filter>
    </ClCompile>
    <ClCompile Include="Score.cpp">
      <Filter>소스파일</Filter>
    </ClCompile>
    <ClCompile Include="Timer.cpp">
      <Filter>소스파일</Filter>
    </ClCompile>
    <ClCompile Include="SummonItem2.cpp">
      <Filter>소스파일</Filter>
    </ClCompile>
    <ClCompile Include="Enemy1.cpp">
      <Filter>소스파일</Filter>
    </ClCompile>
    <ClCompile Include="lEnemy1.cpp">
      <Filter>소스파일</Filter>
    </ClCompile>
    <ClCompile Include="Enemy2.cpp">
      <Filter>소스파일</Filter>
    </ClCompile>
    <ClCompile Include="Enemy3.cpp">
      <Filter>소스파일</Filter>
    </ClCompile>
  </ItemGroup>
  <ItemGroup>
    <CLInclude Include="resource.h" />
    <ClInclude Include="Bullet.h">
      <Filter>헤더파일</Filter>
    </ClInclude>
    <ClInclude Include="Entity.h">
      <Filter>헤더파일</Filter>
    </ClInclude>
    <ClInclude Include="Game.h">
      <Filter>헤더파일</Filter>
    </ClInclude>
    <ClInclude Include="Pistol.h">
      <Filter>헤더파일</Filter>
    </ClInclude>
    <ClInclude Include="Sound.h">
      <Filter>헤더파일</Filter>
    </ClInclude>
    <ClInclude Include="SummonItem.h">
      <Filter>헤더파일</Filter>
    </ClInclude>
    <ClInclude Include="Score.h">
      <Filter>헤더파일</Filter>
    </ClInclude>
    <ClInclude Include="Remainbullet.h">
      <Filter>헤더파일</Filter>
    </ClInclude>
    <ClInclude Include="Timer.h">
      <Filter>헤더파일</Filter>
    </ClInclude>
    <ClInclude Include="SummonItem2.h">
      <Filter>헤더파일</Filter>
    </ClInclude>
    <ClInclude Include="Enemy1.h">
      <Filter>헤더파일</Filter>
    </ClInclude>
    <ClInclude Include="lEnemy1.h">
      <Filter>헤더파일</Filter>
    </ClInclude>
    <ClInclude Include="Enemy2.h">
      <Filter>헤더파일</Filter>
    </ClInclude>
    <ClInclude Include="Enemy3.h">
      <Filter>헤더파일</Filter>
    </ClInclude>
  </ItemGroup>
  <ItemGroup>
    <ResourceCompile Include="Matrices49860489.rc" />
  </ItemGroup>
  <ItemGroup>
    <None Include="DXUT\Optional\directx.ico" />
    <None Include="ClassDiagram.cd" />
  </ItemGroup>
  <ItemGroup>
    <Filter Include="헤더파일">
      <UniqueIdentifier>{20641243-d2bf-46e6-b9c1-3b48710427e2}</UniqueIdentifier>
    </Filter>
    <Filter Include="소스파일">
      <UniqueIdentifier>{496ca503-ae09-4994-9a0f-0d865d3ae805}</UniqueIdentifier>
    </Filter>
  </ItemGroup>
</Project>